// !$*UTF8*$!
{
	archiveVersion = 1;
	classes = {
	};
	objectVersion = 51;
	objects = {

/* Begin PBXBuildFile section */
		034A2D9F8B26D56F58B39B10 /* Pods_FamilyFriendTests.framework in Frameworks */ = {isa = PBXBuildFile; fileRef = 04C75A0B6685B3363BA38BC1 /* Pods_FamilyFriendTests.framework */; };
		4B577FC00F167FDC9B738397 /* Pods_FamilyFriend.framework in Frameworks */ = {isa = PBXBuildFile; fileRef = 4C3AEDCC8F866F3DB92A0AFA /* Pods_FamilyFriend.framework */; };
		6F05BAF126AB2F260013FCF8 /* FamilySummaryPresenter.swift in Sources */ = {isa = PBXBuildFile; fileRef = 6F05BAF026AB2F260013FCF8 /* FamilySummaryPresenter.swift */; };
		6F05BAFC26AB3D770013FCF8 /* Protocols.swift in Sources */ = {isa = PBXBuildFile; fileRef = 6F05BAFB26AB3D770013FCF8 /* Protocols.swift */; };
		6F19F7CD2698ACF500C2FD61 /* TileView.swift in Sources */ = {isa = PBXBuildFile; fileRef = 6F19F7CC2698ACF500C2FD61 /* TileView.swift */; };
		6F3EF22D2696489300371FF7 /* AppDelegate.swift in Sources */ = {isa = PBXBuildFile; fileRef = 6F3EF22C2696489300371FF7 /* AppDelegate.swift */; };
		6F3EF22F2696489300371FF7 /* SceneDelegate.swift in Sources */ = {isa = PBXBuildFile; fileRef = 6F3EF22E2696489300371FF7 /* SceneDelegate.swift */; };
		6F3EF2362696489400371FF7 /* Assets.xcassets in Resources */ = {isa = PBXBuildFile; fileRef = 6F3EF2352696489400371FF7 /* Assets.xcassets */; };
		6F3EF2392696489400371FF7 /* LaunchScreen.storyboard in Resources */ = {isa = PBXBuildFile; fileRef = 6F3EF2372696489400371FF7 /* LaunchScreen.storyboard */; };
		6F3EF2442696489400371FF7 /* FamilyFriendTests.swift in Sources */ = {isa = PBXBuildFile; fileRef = 6F3EF2432696489400371FF7 /* FamilyFriendTests.swift */; };
		6F3EF24F2696489400371FF7 /* FamilyFriendUITests.swift in Sources */ = {isa = PBXBuildFile; fileRef = 6F3EF24E2696489400371FF7 /* FamilyFriendUITests.swift */; };
		6F4F987A26C7CA2700B79890 /* RootConnector.swift in Sources */ = {isa = PBXBuildFile; fileRef = 6F4F987926C7CA2700B79890 /* RootConnector.swift */; };
		6F4F98B526C7F4A900B79890 /* UINavigationBar+Appearance.swift in Sources */ = {isa = PBXBuildFile; fileRef = 6F4F98B426C7F4A900B79890 /* UINavigationBar+Appearance.swift */; };
		6F4F98D226C91CF900B79890 /* SignInViewController.swift in Sources */ = {isa = PBXBuildFile; fileRef = 6F4F98D126C91CF900B79890 /* SignInViewController.swift */; };
		6F4F98D726C91D1400B79890 /* SignUpViewController.swift in Sources */ = {isa = PBXBuildFile; fileRef = 6F4F98D626C91D1400B79890 /* SignUpViewController.swift */; };
		6F4F98DE26C91D2400B79890 /* InitialConnector.swift in Sources */ = {isa = PBXBuildFile; fileRef = 6F4F98DB26C91D2400B79890 /* InitialConnector.swift */; };
		6F4F98DF26C91D2400B79890 /* InitialPresenter.swift in Sources */ = {isa = PBXBuildFile; fileRef = 6F4F98DC26C91D2400B79890 /* InitialPresenter.swift */; };
		6F4F98E026C91D2400B79890 /* InitialViewController.swift in Sources */ = {isa = PBXBuildFile; fileRef = 6F4F98DD26C91D2400B79890 /* InitialViewController.swift */; };
		6F4F98E526C91D4300B79890 /* RankingViewController.swift in Sources */ = {isa = PBXBuildFile; fileRef = 6F4F98E426C91D4300B79890 /* RankingViewController.swift */; };
		6F51F36A26B0AB8A0026B9E0 /* MembersPresenter.swift in Sources */ = {isa = PBXBuildFile; fileRef = 6F51F36926B0AB8A0026B9E0 /* MembersPresenter.swift */; };
		6F51F37026B0AF890026B9E0 /* Member.swift in Sources */ = {isa = PBXBuildFile; fileRef = 6F51F36F26B0AF890026B9E0 /* Member.swift */; };
		6F51F37526B0B0EB0026B9E0 /* MemberCell.swift in Sources */ = {isa = PBXBuildFile; fileRef = 6F51F37426B0B0EB0026B9E0 /* MemberCell.swift */; };
		6F51F37A26B1D0E80026B9E0 /* UITableView+ReusableView.swift in Sources */ = {isa = PBXBuildFile; fileRef = 6F51F37926B1D0E80026B9E0 /* UITableView+ReusableView.swift */; };
		6F51F37F26B1E6270026B9E0 /* MembersConnector.swift in Sources */ = {isa = PBXBuildFile; fileRef = 6F51F37E26B1E6270026B9E0 /* MembersConnector.swift */; };
		6F51F39426B5A1980026B9E0 /* MemberDetailsViewController.swift in Sources */ = {isa = PBXBuildFile; fileRef = 6F51F39326B5A1980026B9E0 /* MemberDetailsViewController.swift */; };
		6F51F39E26B5AC220026B9E0 /* Task.swift in Sources */ = {isa = PBXBuildFile; fileRef = 6F51F39D26B5AC220026B9E0 /* Task.swift */; };
		6F51F3A326B5AE2B0026B9E0 /* MemberTaskCell.swift in Sources */ = {isa = PBXBuildFile; fileRef = 6F51F3A226B5AE2B0026B9E0 /* MemberTaskCell.swift */; };
		6F51F3D026B605620026B9E0 /* SF-Pro-Text-UltralightItalic.otf in Resources */ = {isa = PBXBuildFile; fileRef = 6F51F3BE26B605620026B9E0 /* SF-Pro-Text-UltralightItalic.otf */; };
		6F51F3D126B605620026B9E0 /* SF-Pro-Text-LightItalic.otf in Resources */ = {isa = PBXBuildFile; fileRef = 6F51F3BF26B605620026B9E0 /* SF-Pro-Text-LightItalic.otf */; };
		6F51F3D226B605620026B9E0 /* SF-Pro-Text-HeavyItalic.otf in Resources */ = {isa = PBXBuildFile; fileRef = 6F51F3C026B605620026B9E0 /* SF-Pro-Text-HeavyItalic.otf */; };
		6F51F3D326B605620026B9E0 /* SF-Pro-Text-Light.otf in Resources */ = {isa = PBXBuildFile; fileRef = 6F51F3C126B605620026B9E0 /* SF-Pro-Text-Light.otf */; };
		6F51F3D426B605620026B9E0 /* SF-Pro-Text-Black.otf in Resources */ = {isa = PBXBuildFile; fileRef = 6F51F3C226B605620026B9E0 /* SF-Pro-Text-Black.otf */; };
		6F51F3D526B605620026B9E0 /* SF-Pro-Text-BlackItalic.otf in Resources */ = {isa = PBXBuildFile; fileRef = 6F51F3C326B605620026B9E0 /* SF-Pro-Text-BlackItalic.otf */; };
		6F51F3D626B605620026B9E0 /* SF-Pro-Text-SemiboldItalic.otf in Resources */ = {isa = PBXBuildFile; fileRef = 6F51F3C426B605620026B9E0 /* SF-Pro-Text-SemiboldItalic.otf */; };
		6F51F3D726B605620026B9E0 /* SF-Pro-Text-Thin.otf in Resources */ = {isa = PBXBuildFile; fileRef = 6F51F3C526B605620026B9E0 /* SF-Pro-Text-Thin.otf */; };
		6F51F3D826B605620026B9E0 /* SF-Pro-Text-BoldItalic.otf in Resources */ = {isa = PBXBuildFile; fileRef = 6F51F3C626B605620026B9E0 /* SF-Pro-Text-BoldItalic.otf */; };
		6F51F3D926B605620026B9E0 /* SF-Pro-Text-Medium.otf in Resources */ = {isa = PBXBuildFile; fileRef = 6F51F3C726B605620026B9E0 /* SF-Pro-Text-Medium.otf */; };
		6F51F3DA26B605620026B9E0 /* SF-Pro-Text-RegularItalic.otf in Resources */ = {isa = PBXBuildFile; fileRef = 6F51F3C826B605620026B9E0 /* SF-Pro-Text-RegularItalic.otf */; };
		6F51F3DB26B605620026B9E0 /* SF-Pro-Text-ThinItalic.otf in Resources */ = {isa = PBXBuildFile; fileRef = 6F51F3C926B605620026B9E0 /* SF-Pro-Text-ThinItalic.otf */; };
		6F51F3DC26B605620026B9E0 /* SF-Pro-Text-MediumItalic.otf in Resources */ = {isa = PBXBuildFile; fileRef = 6F51F3CA26B605620026B9E0 /* SF-Pro-Text-MediumItalic.otf */; };
		6F51F3DD26B605620026B9E0 /* SF-Pro-Text-Bold.otf in Resources */ = {isa = PBXBuildFile; fileRef = 6F51F3CB26B605620026B9E0 /* SF-Pro-Text-Bold.otf */; };
		6F51F3DE26B605620026B9E0 /* SF-Pro-Text-Heavy.otf in Resources */ = {isa = PBXBuildFile; fileRef = 6F51F3CC26B605620026B9E0 /* SF-Pro-Text-Heavy.otf */; };
		6F51F3DF26B605620026B9E0 /* SF-Pro-Text-Semibold.otf in Resources */ = {isa = PBXBuildFile; fileRef = 6F51F3CD26B605620026B9E0 /* SF-Pro-Text-Semibold.otf */; };
		6F51F3E026B605620026B9E0 /* SF-Pro-Text-Regular.otf in Resources */ = {isa = PBXBuildFile; fileRef = 6F51F3CE26B605620026B9E0 /* SF-Pro-Text-Regular.otf */; };
		6F51F3E126B605620026B9E0 /* SF-Pro-Text-Ultralight.otf in Resources */ = {isa = PBXBuildFile; fileRef = 6F51F3CF26B605620026B9E0 /* SF-Pro-Text-Ultralight.otf */; };
		6F51F3EC26B609480026B9E0 /* Fonts.swift in Sources */ = {isa = PBXBuildFile; fileRef = 6F51F3EB26B609480026B9E0 /* Fonts.swift */; };
		6F51F3F126B60BC50026B9E0 /* HeaderLabelView.swift in Sources */ = {isa = PBXBuildFile; fileRef = 6F51F3F026B60BC50026B9E0 /* HeaderLabelView.swift */; };
		6F51F3F626B6182A0026B9E0 /* MemberDetailsSummaryView.swift in Sources */ = {isa = PBXBuildFile; fileRef = 6F51F3F526B6182A0026B9E0 /* MemberDetailsSummaryView.swift */; };
		6F51F40426B997AC0026B9E0 /* TaskCell.swift in Sources */ = {isa = PBXBuildFile; fileRef = 6F51F40326B997AC0026B9E0 /* TaskCell.swift */; };
		6F51F40926B9B9A60026B9E0 /* TasksPresenter.swift in Sources */ = {isa = PBXBuildFile; fileRef = 6F51F40826B9B9A60026B9E0 /* TasksPresenter.swift */; };
		6F51F41526B9DF280026B9E0 /* AddTaskViewController.swift in Sources */ = {isa = PBXBuildFile; fileRef = 6F51F41426B9DF280026B9E0 /* AddTaskViewController.swift */; };
		6F51F41A26B9E0BA0026B9E0 /* DraggableModal.swift in Sources */ = {isa = PBXBuildFile; fileRef = 6F51F41926B9E0BA0026B9E0 /* DraggableModal.swift */; };
		6F51F41F26B9E0FD0026B9E0 /* UIView+RoundCorners.swift in Sources */ = {isa = PBXBuildFile; fileRef = 6F51F41E26B9E0FD0026B9E0 /* UIView+RoundCorners.swift */; };
		6F51F42426B9E1390026B9E0 /* UIViewController+ChildViewControllers.swift in Sources */ = {isa = PBXBuildFile; fileRef = 6F51F42326B9E1390026B9E0 /* UIViewController+ChildViewControllers.swift */; };
		6F51F42C26B9E4300026B9E0 /* AddTaskPresenter.swift in Sources */ = {isa = PBXBuildFile; fileRef = 6F51F42B26B9E4300026B9E0 /* AddTaskPresenter.swift */; };
		6F51F43726BC5A8A0026B9E0 /* Views.swift in Sources */ = {isa = PBXBuildFile; fileRef = 6F51F43626BC5A8A0026B9E0 /* Views.swift */; };
		6F8FF06D2698992500BB185D /* MainViewController.swift in Sources */ = {isa = PBXBuildFile; fileRef = 6F8FF06C2698992500BB185D /* MainViewController.swift */; };
		6FF04F8226AB1AE80019B38C /* MainConnector.swift in Sources */ = {isa = PBXBuildFile; fileRef = 6FF04F8126AB1AE80019B38C /* MainConnector.swift */; };
		6FF281BF2698BF04000EFCF7 /* Assets.swift in Sources */ = {isa = PBXBuildFile; fileRef = 6FF281BE2698BF04000EFCF7 /* Assets.swift */; };
		6FF281DA2698C3EA000EFCF7 /* StackView+ViewControllers.swift in Sources */ = {isa = PBXBuildFile; fileRef = 6FF281D92698C3EA000EFCF7 /* StackView+ViewControllers.swift */; };
		6FF28204269B42DC000EFCF7 /* FamilySummaryViewController.swift in Sources */ = {isa = PBXBuildFile; fileRef = 6FF28203269B42DC000EFCF7 /* FamilySummaryViewController.swift */; };
		6FF28223269B4387000EFCF7 /* FamilyFeaturesViewController.swift in Sources */ = {isa = PBXBuildFile; fileRef = 6FF28222269B4387000EFCF7 /* FamilyFeaturesViewController.swift */; };
		6FFDE46B269B4B3B00AC8428 /* MembersViewController.swift in Sources */ = {isa = PBXBuildFile; fileRef = 6FFDE46A269B4B3B00AC8428 /* MembersViewController.swift */; };
		6FFDE470269B52F500AC8428 /* TasksViewController.swift in Sources */ = {isa = PBXBuildFile; fileRef = 6FFDE46F269B52F500AC8428 /* TasksViewController.swift */; };
		6FFDE47A269B54CA00AC8428 /* FeatureTileView.swift in Sources */ = {isa = PBXBuildFile; fileRef = 6FFDE479269B54CA00AC8428 /* FeatureTileView.swift */; };
		6FFDE487269E04DF00AC8428 /* Rx+Extensions.swift in Sources */ = {isa = PBXBuildFile; fileRef = 6FFDE486269E04DF00AC8428 /* Rx+Extensions.swift */; };
		6FFDE48C26AB138F00AC8428 /* FamilyFeaturesPresenter.swift in Sources */ = {isa = PBXBuildFile; fileRef = 6FFDE48B26AB138F00AC8428 /* FamilyFeaturesPresenter.swift */; };
		C7237366D386CFC1EBC0B79C /* Pods_FamilyFriend_FamilyFriendUITests.framework in Frameworks */ = {isa = PBXBuildFile; fileRef = 9D65117536FC88EF023C61BA /* Pods_FamilyFriend_FamilyFriendUITests.framework */; };
/* End PBXBuildFile section */

/* Begin PBXContainerItemProxy section */
		6F3EF2402696489400371FF7 /* PBXContainerItemProxy */ = {
			isa = PBXContainerItemProxy;
			containerPortal = 6F3EF2212696489300371FF7 /* Project object */;
			proxyType = 1;
			remoteGlobalIDString = 6F3EF2282696489300371FF7;
			remoteInfo = FamilyFriend;
		};
		6F3EF24B2696489400371FF7 /* PBXContainerItemProxy */ = {
			isa = PBXContainerItemProxy;
			containerPortal = 6F3EF2212696489300371FF7 /* Project object */;
			proxyType = 1;
			remoteGlobalIDString = 6F3EF2282696489300371FF7;
			remoteInfo = FamilyFriend;
		};
/* End PBXContainerItemProxy section */

/* Begin PBXFileReference section */
		04C75A0B6685B3363BA38BC1 /* Pods_FamilyFriendTests.framework */ = {isa = PBXFileReference; explicitFileType = wrapper.framework; includeInIndex = 0; path = Pods_FamilyFriendTests.framework; sourceTree = BUILT_PRODUCTS_DIR; };
		23A26098ED33FE9925EE13A1 /* Pods-FamilyFriendTests.release.xcconfig */ = {isa = PBXFileReference; includeInIndex = 1; lastKnownFileType = text.xcconfig; name = "Pods-FamilyFriendTests.release.xcconfig"; path = "Target Support Files/Pods-FamilyFriendTests/Pods-FamilyFriendTests.release.xcconfig"; sourceTree = "<group>"; };
		4C3AEDCC8F866F3DB92A0AFA /* Pods_FamilyFriend.framework */ = {isa = PBXFileReference; explicitFileType = wrapper.framework; includeInIndex = 0; path = Pods_FamilyFriend.framework; sourceTree = BUILT_PRODUCTS_DIR; };
		5BAD75E9B77372D5975F7F40 /* Pods-FamilyFriendTests.debug.xcconfig */ = {isa = PBXFileReference; includeInIndex = 1; lastKnownFileType = text.xcconfig; name = "Pods-FamilyFriendTests.debug.xcconfig"; path = "Target Support Files/Pods-FamilyFriendTests/Pods-FamilyFriendTests.debug.xcconfig"; sourceTree = "<group>"; };
		6F05BAF026AB2F260013FCF8 /* FamilySummaryPresenter.swift */ = {isa = PBXFileReference; lastKnownFileType = sourcecode.swift; path = FamilySummaryPresenter.swift; sourceTree = "<group>"; };
		6F05BAFB26AB3D770013FCF8 /* Protocols.swift */ = {isa = PBXFileReference; lastKnownFileType = sourcecode.swift; path = Protocols.swift; sourceTree = "<group>"; };
		6F19F7CC2698ACF500C2FD61 /* TileView.swift */ = {isa = PBXFileReference; lastKnownFileType = sourcecode.swift; path = TileView.swift; sourceTree = "<group>"; };
		6F3EF2292696489300371FF7 /* FamilyFriend.app */ = {isa = PBXFileReference; explicitFileType = wrapper.application; includeInIndex = 0; path = FamilyFriend.app; sourceTree = BUILT_PRODUCTS_DIR; };
		6F3EF22C2696489300371FF7 /* AppDelegate.swift */ = {isa = PBXFileReference; lastKnownFileType = sourcecode.swift; path = AppDelegate.swift; sourceTree = "<group>"; };
		6F3EF22E2696489300371FF7 /* SceneDelegate.swift */ = {isa = PBXFileReference; lastKnownFileType = sourcecode.swift; path = SceneDelegate.swift; sourceTree = "<group>"; };
		6F3EF2352696489400371FF7 /* Assets.xcassets */ = {isa = PBXFileReference; lastKnownFileType = folder.assetcatalog; path = Assets.xcassets; sourceTree = "<group>"; };
		6F3EF2382696489400371FF7 /* Base */ = {isa = PBXFileReference; lastKnownFileType = file.storyboard; name = Base; path = Base.lproj/LaunchScreen.storyboard; sourceTree = "<group>"; };
		6F3EF23A2696489400371FF7 /* Info.plist */ = {isa = PBXFileReference; lastKnownFileType = text.plist.xml; path = Info.plist; sourceTree = "<group>"; };
		6F3EF23F2696489400371FF7 /* FamilyFriendTests.xctest */ = {isa = PBXFileReference; explicitFileType = wrapper.cfbundle; includeInIndex = 0; path = FamilyFriendTests.xctest; sourceTree = BUILT_PRODUCTS_DIR; };
		6F3EF2432696489400371FF7 /* FamilyFriendTests.swift */ = {isa = PBXFileReference; lastKnownFileType = sourcecode.swift; path = FamilyFriendTests.swift; sourceTree = "<group>"; };
		6F3EF2452696489400371FF7 /* Info.plist */ = {isa = PBXFileReference; lastKnownFileType = text.plist.xml; path = Info.plist; sourceTree = "<group>"; };
		6F3EF24A2696489400371FF7 /* FamilyFriendUITests.xctest */ = {isa = PBXFileReference; explicitFileType = wrapper.cfbundle; includeInIndex = 0; path = FamilyFriendUITests.xctest; sourceTree = BUILT_PRODUCTS_DIR; };
		6F3EF24E2696489400371FF7 /* FamilyFriendUITests.swift */ = {isa = PBXFileReference; lastKnownFileType = sourcecode.swift; path = FamilyFriendUITests.swift; sourceTree = "<group>"; };
		6F3EF2502696489400371FF7 /* Info.plist */ = {isa = PBXFileReference; lastKnownFileType = text.plist.xml; path = Info.plist; sourceTree = "<group>"; };
		6F4F987926C7CA2700B79890 /* RootConnector.swift */ = {isa = PBXFileReference; lastKnownFileType = sourcecode.swift; path = RootConnector.swift; sourceTree = "<group>"; };
		6F4F98B426C7F4A900B79890 /* UINavigationBar+Appearance.swift */ = {isa = PBXFileReference; lastKnownFileType = sourcecode.swift; path = "UINavigationBar+Appearance.swift"; sourceTree = "<group>"; };
		6F4F98D126C91CF900B79890 /* SignInViewController.swift */ = {isa = PBXFileReference; fileEncoding = 4; lastKnownFileType = sourcecode.swift; path = SignInViewController.swift; sourceTree = "<group>"; };
		6F4F98D626C91D1400B79890 /* SignUpViewController.swift */ = {isa = PBXFileReference; fileEncoding = 4; lastKnownFileType = sourcecode.swift; path = SignUpViewController.swift; sourceTree = "<group>"; };
		6F4F98DB26C91D2400B79890 /* InitialConnector.swift */ = {isa = PBXFileReference; fileEncoding = 4; lastKnownFileType = sourcecode.swift; path = InitialConnector.swift; sourceTree = "<group>"; };
		6F4F98DC26C91D2400B79890 /* InitialPresenter.swift */ = {isa = PBXFileReference; fileEncoding = 4; lastKnownFileType = sourcecode.swift; path = InitialPresenter.swift; sourceTree = "<group>"; };
		6F4F98DD26C91D2400B79890 /* InitialViewController.swift */ = {isa = PBXFileReference; fileEncoding = 4; lastKnownFileType = sourcecode.swift; path = InitialViewController.swift; sourceTree = "<group>"; };
		6F4F98E426C91D4300B79890 /* RankingViewController.swift */ = {isa = PBXFileReference; fileEncoding = 4; lastKnownFileType = sourcecode.swift; path = RankingViewController.swift; sourceTree = "<group>"; };
		6F51F36926B0AB8A0026B9E0 /* MembersPresenter.swift */ = {isa = PBXFileReference; lastKnownFileType = sourcecode.swift; path = MembersPresenter.swift; sourceTree = "<group>"; };
		6F51F36F26B0AF890026B9E0 /* Member.swift */ = {isa = PBXFileReference; lastKnownFileType = sourcecode.swift; path = Member.swift; sourceTree = "<group>"; };
		6F51F37426B0B0EB0026B9E0 /* MemberCell.swift */ = {isa = PBXFileReference; lastKnownFileType = sourcecode.swift; path = MemberCell.swift; sourceTree = "<group>"; };
		6F51F37926B1D0E80026B9E0 /* UITableView+ReusableView.swift */ = {isa = PBXFileReference; lastKnownFileType = sourcecode.swift; path = "UITableView+ReusableView.swift"; sourceTree = "<group>"; };
		6F51F37E26B1E6270026B9E0 /* MembersConnector.swift */ = {isa = PBXFileReference; lastKnownFileType = sourcecode.swift; path = MembersConnector.swift; sourceTree = "<group>"; };
		6F51F39326B5A1980026B9E0 /* MemberDetailsViewController.swift */ = {isa = PBXFileReference; lastKnownFileType = sourcecode.swift; path = MemberDetailsViewController.swift; sourceTree = "<group>"; };
		6F51F39D26B5AC220026B9E0 /* Task.swift */ = {isa = PBXFileReference; lastKnownFileType = sourcecode.swift; path = Task.swift; sourceTree = "<group>"; };
		6F51F3A226B5AE2B0026B9E0 /* MemberTaskCell.swift */ = {isa = PBXFileReference; lastKnownFileType = sourcecode.swift; path = MemberTaskCell.swift; sourceTree = "<group>"; };
		6F51F3BE26B605620026B9E0 /* SF-Pro-Text-UltralightItalic.otf */ = {isa = PBXFileReference; lastKnownFileType = file; name = "SF-Pro-Text-UltralightItalic.otf"; path = "../../../../../../../../../Library/Fonts/SF-Pro-Text-UltralightItalic.otf"; sourceTree = "<group>"; };
		6F51F3BF26B605620026B9E0 /* SF-Pro-Text-LightItalic.otf */ = {isa = PBXFileReference; lastKnownFileType = file; name = "SF-Pro-Text-LightItalic.otf"; path = "../../../../../../../../../Library/Fonts/SF-Pro-Text-LightItalic.otf"; sourceTree = "<group>"; };
		6F51F3C026B605620026B9E0 /* SF-Pro-Text-HeavyItalic.otf */ = {isa = PBXFileReference; lastKnownFileType = file; name = "SF-Pro-Text-HeavyItalic.otf"; path = "../../../../../../../../../Library/Fonts/SF-Pro-Text-HeavyItalic.otf"; sourceTree = "<group>"; };
		6F51F3C126B605620026B9E0 /* SF-Pro-Text-Light.otf */ = {isa = PBXFileReference; lastKnownFileType = file; name = "SF-Pro-Text-Light.otf"; path = "../../../../../../../../../Library/Fonts/SF-Pro-Text-Light.otf"; sourceTree = "<group>"; };
		6F51F3C226B605620026B9E0 /* SF-Pro-Text-Black.otf */ = {isa = PBXFileReference; lastKnownFileType = file; name = "SF-Pro-Text-Black.otf"; path = "../../../../../../../../../Library/Fonts/SF-Pro-Text-Black.otf"; sourceTree = "<group>"; };
		6F51F3C326B605620026B9E0 /* SF-Pro-Text-BlackItalic.otf */ = {isa = PBXFileReference; lastKnownFileType = file; name = "SF-Pro-Text-BlackItalic.otf"; path = "../../../../../../../../../Library/Fonts/SF-Pro-Text-BlackItalic.otf"; sourceTree = "<group>"; };
		6F51F3C426B605620026B9E0 /* SF-Pro-Text-SemiboldItalic.otf */ = {isa = PBXFileReference; lastKnownFileType = file; name = "SF-Pro-Text-SemiboldItalic.otf"; path = "../../../../../../../../../Library/Fonts/SF-Pro-Text-SemiboldItalic.otf"; sourceTree = "<group>"; };
		6F51F3C526B605620026B9E0 /* SF-Pro-Text-Thin.otf */ = {isa = PBXFileReference; lastKnownFileType = file; name = "SF-Pro-Text-Thin.otf"; path = "../../../../../../../../../Library/Fonts/SF-Pro-Text-Thin.otf"; sourceTree = "<group>"; };
		6F51F3C626B605620026B9E0 /* SF-Pro-Text-BoldItalic.otf */ = {isa = PBXFileReference; lastKnownFileType = file; name = "SF-Pro-Text-BoldItalic.otf"; path = "../../../../../../../../../Library/Fonts/SF-Pro-Text-BoldItalic.otf"; sourceTree = "<group>"; };
		6F51F3C726B605620026B9E0 /* SF-Pro-Text-Medium.otf */ = {isa = PBXFileReference; lastKnownFileType = file; name = "SF-Pro-Text-Medium.otf"; path = "../../../../../../../../../Library/Fonts/SF-Pro-Text-Medium.otf"; sourceTree = "<group>"; };
		6F51F3C826B605620026B9E0 /* SF-Pro-Text-RegularItalic.otf */ = {isa = PBXFileReference; lastKnownFileType = file; name = "SF-Pro-Text-RegularItalic.otf"; path = "../../../../../../../../../Library/Fonts/SF-Pro-Text-RegularItalic.otf"; sourceTree = "<group>"; };
		6F51F3C926B605620026B9E0 /* SF-Pro-Text-ThinItalic.otf */ = {isa = PBXFileReference; lastKnownFileType = file; name = "SF-Pro-Text-ThinItalic.otf"; path = "../../../../../../../../../Library/Fonts/SF-Pro-Text-ThinItalic.otf"; sourceTree = "<group>"; };
		6F51F3CA26B605620026B9E0 /* SF-Pro-Text-MediumItalic.otf */ = {isa = PBXFileReference; lastKnownFileType = file; name = "SF-Pro-Text-MediumItalic.otf"; path = "../../../../../../../../../Library/Fonts/SF-Pro-Text-MediumItalic.otf"; sourceTree = "<group>"; };
		6F51F3CB26B605620026B9E0 /* SF-Pro-Text-Bold.otf */ = {isa = PBXFileReference; lastKnownFileType = file; name = "SF-Pro-Text-Bold.otf"; path = "../../../../../../../../../Library/Fonts/SF-Pro-Text-Bold.otf"; sourceTree = "<group>"; };
		6F51F3CC26B605620026B9E0 /* SF-Pro-Text-Heavy.otf */ = {isa = PBXFileReference; lastKnownFileType = file; name = "SF-Pro-Text-Heavy.otf"; path = "../../../../../../../../../Library/Fonts/SF-Pro-Text-Heavy.otf"; sourceTree = "<group>"; };
		6F51F3CD26B605620026B9E0 /* SF-Pro-Text-Semibold.otf */ = {isa = PBXFileReference; lastKnownFileType = file; name = "SF-Pro-Text-Semibold.otf"; path = "../../../../../../../../../Library/Fonts/SF-Pro-Text-Semibold.otf"; sourceTree = "<group>"; };
		6F51F3CE26B605620026B9E0 /* SF-Pro-Text-Regular.otf */ = {isa = PBXFileReference; lastKnownFileType = file; name = "SF-Pro-Text-Regular.otf"; path = "../../../../../../../../../Library/Fonts/SF-Pro-Text-Regular.otf"; sourceTree = "<group>"; };
		6F51F3CF26B605620026B9E0 /* SF-Pro-Text-Ultralight.otf */ = {isa = PBXFileReference; lastKnownFileType = file; name = "SF-Pro-Text-Ultralight.otf"; path = "../../../../../../../../../Library/Fonts/SF-Pro-Text-Ultralight.otf"; sourceTree = "<group>"; };
		6F51F3EB26B609480026B9E0 /* Fonts.swift */ = {isa = PBXFileReference; fileEncoding = 4; lastKnownFileType = sourcecode.swift; path = Fonts.swift; sourceTree = "<group>"; };
		6F51F3F026B60BC50026B9E0 /* HeaderLabelView.swift */ = {isa = PBXFileReference; lastKnownFileType = sourcecode.swift; path = HeaderLabelView.swift; sourceTree = "<group>"; };
		6F51F3F526B6182A0026B9E0 /* MemberDetailsSummaryView.swift */ = {isa = PBXFileReference; lastKnownFileType = sourcecode.swift; path = MemberDetailsSummaryView.swift; sourceTree = "<group>"; };
		6F51F40326B997AC0026B9E0 /* TaskCell.swift */ = {isa = PBXFileReference; lastKnownFileType = sourcecode.swift; path = TaskCell.swift; sourceTree = "<group>"; };
		6F51F40826B9B9A60026B9E0 /* TasksPresenter.swift */ = {isa = PBXFileReference; lastKnownFileType = sourcecode.swift; path = TasksPresenter.swift; sourceTree = "<group>"; };
		6F51F41426B9DF280026B9E0 /* AddTaskViewController.swift */ = {isa = PBXFileReference; lastKnownFileType = sourcecode.swift; path = AddTaskViewController.swift; sourceTree = "<group>"; };
		6F51F41926B9E0BA0026B9E0 /* DraggableModal.swift */ = {isa = PBXFileReference; lastKnownFileType = sourcecode.swift; path = DraggableModal.swift; sourceTree = "<group>"; };
		6F51F41E26B9E0FD0026B9E0 /* UIView+RoundCorners.swift */ = {isa = PBXFileReference; lastKnownFileType = sourcecode.swift; path = "UIView+RoundCorners.swift"; sourceTree = "<group>"; };
		6F51F42326B9E1390026B9E0 /* UIViewController+ChildViewControllers.swift */ = {isa = PBXFileReference; lastKnownFileType = sourcecode.swift; path = "UIViewController+ChildViewControllers.swift"; sourceTree = "<group>"; };
		6F51F42B26B9E4300026B9E0 /* AddTaskPresenter.swift */ = {isa = PBXFileReference; lastKnownFileType = sourcecode.swift; path = AddTaskPresenter.swift; sourceTree = "<group>"; };
		6F51F43626BC5A8A0026B9E0 /* Views.swift */ = {isa = PBXFileReference; lastKnownFileType = sourcecode.swift; path = Views.swift; sourceTree = "<group>"; };
		6F8FF06C2698992500BB185D /* MainViewController.swift */ = {isa = PBXFileReference; lastKnownFileType = sourcecode.swift; path = MainViewController.swift; sourceTree = "<group>"; };
		6FF04F8126AB1AE80019B38C /* MainConnector.swift */ = {isa = PBXFileReference; lastKnownFileType = sourcecode.swift; path = MainConnector.swift; sourceTree = "<group>"; };
		6FF281BE2698BF04000EFCF7 /* Assets.swift */ = {isa = PBXFileReference; fileEncoding = 4; lastKnownFileType = sourcecode.swift; path = Assets.swift; sourceTree = "<group>"; };
		6FF281D92698C3EA000EFCF7 /* StackView+ViewControllers.swift */ = {isa = PBXFileReference; lastKnownFileType = sourcecode.swift; path = "StackView+ViewControllers.swift"; sourceTree = "<group>"; };
		6FF28203269B42DC000EFCF7 /* FamilySummaryViewController.swift */ = {isa = PBXFileReference; lastKnownFileType = sourcecode.swift; path = FamilySummaryViewController.swift; sourceTree = "<group>"; };
		6FF28222269B4387000EFCF7 /* FamilyFeaturesViewController.swift */ = {isa = PBXFileReference; lastKnownFileType = sourcecode.swift; path = FamilyFeaturesViewController.swift; sourceTree = "<group>"; };
		6FFDE46A269B4B3B00AC8428 /* MembersViewController.swift */ = {isa = PBXFileReference; lastKnownFileType = sourcecode.swift; path = MembersViewController.swift; sourceTree = "<group>"; };
		6FFDE46F269B52F500AC8428 /* TasksViewController.swift */ = {isa = PBXFileReference; lastKnownFileType = sourcecode.swift; path = TasksViewController.swift; sourceTree = "<group>"; };
		6FFDE479269B54CA00AC8428 /* FeatureTileView.swift */ = {isa = PBXFileReference; lastKnownFileType = sourcecode.swift; path = FeatureTileView.swift; sourceTree = "<group>"; };
		6FFDE486269E04DF00AC8428 /* Rx+Extensions.swift */ = {isa = PBXFileReference; lastKnownFileType = sourcecode.swift; path = "Rx+Extensions.swift"; sourceTree = "<group>"; };
		6FFDE48B26AB138F00AC8428 /* FamilyFeaturesPresenter.swift */ = {isa = PBXFileReference; lastKnownFileType = sourcecode.swift; path = FamilyFeaturesPresenter.swift; sourceTree = "<group>"; };
		8090F1FD6FF563240A032683 /* Pods-FamilyFriend-FamilyFriendUITests.debug.xcconfig */ = {isa = PBXFileReference; includeInIndex = 1; lastKnownFileType = text.xcconfig; name = "Pods-FamilyFriend-FamilyFriendUITests.debug.xcconfig"; path = "Target Support Files/Pods-FamilyFriend-FamilyFriendUITests/Pods-FamilyFriend-FamilyFriendUITests.debug.xcconfig"; sourceTree = "<group>"; };
		8C7C49298D20C6F4AA0ECF0D /* Pods-FamilyFriend.release.xcconfig */ = {isa = PBXFileReference; includeInIndex = 1; lastKnownFileType = text.xcconfig; name = "Pods-FamilyFriend.release.xcconfig"; path = "Target Support Files/Pods-FamilyFriend/Pods-FamilyFriend.release.xcconfig"; sourceTree = "<group>"; };
		8D7B48A2AF8E657E42DB1873 /* Pods-FamilyFriend.debug.xcconfig */ = {isa = PBXFileReference; includeInIndex = 1; lastKnownFileType = text.xcconfig; name = "Pods-FamilyFriend.debug.xcconfig"; path = "Target Support Files/Pods-FamilyFriend/Pods-FamilyFriend.debug.xcconfig"; sourceTree = "<group>"; };
		95E39E7B4E1FDCE32AAE4B5A /* Pods-FamilyFriend-FamilyFriendUITests.release.xcconfig */ = {isa = PBXFileReference; includeInIndex = 1; lastKnownFileType = text.xcconfig; name = "Pods-FamilyFriend-FamilyFriendUITests.release.xcconfig"; path = "Target Support Files/Pods-FamilyFriend-FamilyFriendUITests/Pods-FamilyFriend-FamilyFriendUITests.release.xcconfig"; sourceTree = "<group>"; };
		9D65117536FC88EF023C61BA /* Pods_FamilyFriend_FamilyFriendUITests.framework */ = {isa = PBXFileReference; explicitFileType = wrapper.framework; includeInIndex = 0; path = Pods_FamilyFriend_FamilyFriendUITests.framework; sourceTree = BUILT_PRODUCTS_DIR; };
/* End PBXFileReference section */

/* Begin PBXFrameworksBuildPhase section */
		6F3EF2262696489300371FF7 /* Frameworks */ = {
			isa = PBXFrameworksBuildPhase;
			buildActionMask = 2147483647;
			files = (
				4B577FC00F167FDC9B738397 /* Pods_FamilyFriend.framework in Frameworks */,
			);
			runOnlyForDeploymentPostprocessing = 0;
		};
		6F3EF23C2696489400371FF7 /* Frameworks */ = {
			isa = PBXFrameworksBuildPhase;
			buildActionMask = 2147483647;
			files = (
				034A2D9F8B26D56F58B39B10 /* Pods_FamilyFriendTests.framework in Frameworks */,
			);
			runOnlyForDeploymentPostprocessing = 0;
		};
		6F3EF2472696489400371FF7 /* Frameworks */ = {
			isa = PBXFrameworksBuildPhase;
			buildActionMask = 2147483647;
			files = (
				C7237366D386CFC1EBC0B79C /* Pods_FamilyFriend_FamilyFriendUITests.framework in Frameworks */,
			);
			runOnlyForDeploymentPostprocessing = 0;
		};
/* End PBXFrameworksBuildPhase section */

/* Begin PBXGroup section */
		1B7B0BC3B1F75EC75DBC93C6 /* Frameworks */ = {
			isa = PBXGroup;
			children = (
				4C3AEDCC8F866F3DB92A0AFA /* Pods_FamilyFriend.framework */,
				9D65117536FC88EF023C61BA /* Pods_FamilyFriend_FamilyFriendUITests.framework */,
				04C75A0B6685B3363BA38BC1 /* Pods_FamilyFriendTests.framework */,
			);
			name = Frameworks;
			sourceTree = "<group>";
		};
		6F05BAFA26AB3CC80013FCF8 /* Reusable Classes */ = {
			isa = PBXGroup;
			children = (
				6F51F41926B9E0BA0026B9E0 /* DraggableModal.swift */,
				6F05BAFB26AB3D770013FCF8 /* Protocols.swift */,
			);
			path = "Reusable Classes";
			sourceTree = "<group>";
		};
		6F19F7CA2698ACE300C2FD61 /* Common */ = {
			isa = PBXGroup;
			children = (
				6FF281D82698C3DA000EFCF7 /* Extensions */,
				6F05BAFA26AB3CC80013FCF8 /* Reusable Classes */,
				6F19F7CB2698ACEA00C2FD61 /* Reusable Views */,
			);
			path = Common;
			sourceTree = "<group>";
		};
		6F19F7CB2698ACEA00C2FD61 /* Reusable Views */ = {
			isa = PBXGroup;
			children = (
				6F19F7CC2698ACF500C2FD61 /* TileView.swift */,
				6F51F3F026B60BC50026B9E0 /* HeaderLabelView.swift */,
				6F51F43626BC5A8A0026B9E0 /* Views.swift */,
			);
			path = "Reusable Views";
			sourceTree = "<group>";
		};
		6F3BAA5426BC9BB60036E4D6 /* AddComponent */ = {
			isa = PBXGroup;
			children = (
			);
			path = AddComponent;
			sourceTree = "<group>";
		};
		6F3EF2202696489300371FF7 = {
			isa = PBXGroup;
			children = (
				6F3EF22B2696489300371FF7 /* FamilyFriend */,
				6F3EF2422696489400371FF7 /* FamilyFriendTests */,
				6F3EF24D2696489400371FF7 /* FamilyFriendUITests */,
				6F3EF22A2696489300371FF7 /* Products */,
				FF95C1356F139AE9BF9514D4 /* Pods */,
				1B7B0BC3B1F75EC75DBC93C6 /* Frameworks */,
			);
			sourceTree = "<group>";
		};
		6F3EF22A2696489300371FF7 /* Products */ = {
			isa = PBXGroup;
			children = (
				6F3EF2292696489300371FF7 /* FamilyFriend.app */,
				6F3EF23F2696489400371FF7 /* FamilyFriendTests.xctest */,
				6F3EF24A2696489400371FF7 /* FamilyFriendUITests.xctest */,
			);
			name = Products;
			sourceTree = "<group>";
		};
		6F3EF22B2696489300371FF7 /* FamilyFriend */ = {
			isa = PBXGroup;
			children = (
				6F19F7CA2698ACE300C2FD61 /* Common */,
				6F51F36E26B0AF7D0026B9E0 /* Models */,
				6F8FF0972698A56200BB185D /* Resources */,
				6F3EF26926988E5300371FF7 /* Views */,
				6F3EF22C2696489300371FF7 /* AppDelegate.swift */,
				6F3EF22E2696489300371FF7 /* SceneDelegate.swift */,
				6F4F987926C7CA2700B79890 /* RootConnector.swift */,
				6F3EF26826988E4900371FF7 /* Supporting files */,
			);
			path = FamilyFriend;
			sourceTree = "<group>";
		};
		6F3EF2422696489400371FF7 /* FamilyFriendTests */ = {
			isa = PBXGroup;
			children = (
				6F3EF2432696489400371FF7 /* FamilyFriendTests.swift */,
				6F3EF2452696489400371FF7 /* Info.plist */,
			);
			path = FamilyFriendTests;
			sourceTree = "<group>";
		};
		6F3EF24D2696489400371FF7 /* FamilyFriendUITests */ = {
			isa = PBXGroup;
			children = (
				6F3EF24E2696489400371FF7 /* FamilyFriendUITests.swift */,
				6F3EF2502696489400371FF7 /* Info.plist */,
			);
			path = FamilyFriendUITests;
			sourceTree = "<group>";
		};
		6F3EF26826988E4900371FF7 /* Supporting files */ = {
			isa = PBXGroup;
			children = (
				6F3EF2372696489400371FF7 /* LaunchScreen.storyboard */,
				6F3EF23A2696489400371FF7 /* Info.plist */,
			);
			path = "Supporting files";
			sourceTree = "<group>";
		};
		6F3EF26926988E5300371FF7 /* Views */ = {
			isa = PBXGroup;
			children = (
				6F4F987E26C7CC5900B79890 /* InitialView */,
				6FF04F8026AB1ADA0019B38C /* MainView */,
			);
			path = Views;
			sourceTree = "<group>";
		};
		6F4F987E26C7CC5900B79890 /* InitialView */ = {
			isa = PBXGroup;
			children = (
				6F4F989526C7CE6B00B79890 /* SignInView */,
				6F4F98A126C7CE8100B79890 /* SignUpView */,
				6F4F98DB26C91D2400B79890 /* InitialConnector.swift */,
				6F4F98DC26C91D2400B79890 /* InitialPresenter.swift */,
				6F4F98DD26C91D2400B79890 /* InitialViewController.swift */,
			);
			path = InitialView;
			sourceTree = "<group>";
		};
		6F4F989526C7CE6B00B79890 /* SignInView */ = {
			isa = PBXGroup;
			children = (
				6F4F98D126C91CF900B79890 /* SignInViewController.swift */,
			);
			path = SignInView;
			sourceTree = "<group>";
		};
		6F4F98A126C7CE8100B79890 /* SignUpView */ = {
			isa = PBXGroup;
			children = (
				6F4F98D626C91D1400B79890 /* SignUpViewController.swift */,
			);
			path = SignUpView;
			sourceTree = "<group>";
		};
		6F51F36E26B0AF7D0026B9E0 /* Models */ = {
			isa = PBXGroup;
			children = (
				6F51F36F26B0AF890026B9E0 /* Member.swift */,
				6F51F39D26B5AC220026B9E0 /* Task.swift */,
			);
			path = Models;
			sourceTree = "<group>";
		};
		6F51F39226B5A1860026B9E0 /* MemberDetails */ = {
			isa = PBXGroup;
			children = (
				6F51F39326B5A1980026B9E0 /* MemberDetailsViewController.swift */,
				6F51F3A226B5AE2B0026B9E0 /* MemberTaskCell.swift */,
				6F51F3F526B6182A0026B9E0 /* MemberDetailsSummaryView.swift */,
			);
			path = MemberDetails;
			sourceTree = "<group>";
		};
		6F51F3AC26B5FF290026B9E0 /* Fonts */ = {
			isa = PBXGroup;
			children = (
				6F51F3C226B605620026B9E0 /* SF-Pro-Text-Black.otf */,
				6F51F3C326B605620026B9E0 /* SF-Pro-Text-BlackItalic.otf */,
				6F51F3CB26B605620026B9E0 /* SF-Pro-Text-Bold.otf */,
				6F51F3C626B605620026B9E0 /* SF-Pro-Text-BoldItalic.otf */,
				6F51F3CC26B605620026B9E0 /* SF-Pro-Text-Heavy.otf */,
				6F51F3C026B605620026B9E0 /* SF-Pro-Text-HeavyItalic.otf */,
				6F51F3C126B605620026B9E0 /* SF-Pro-Text-Light.otf */,
				6F51F3BF26B605620026B9E0 /* SF-Pro-Text-LightItalic.otf */,
				6F51F3C726B605620026B9E0 /* SF-Pro-Text-Medium.otf */,
				6F51F3CA26B605620026B9E0 /* SF-Pro-Text-MediumItalic.otf */,
				6F51F3CE26B605620026B9E0 /* SF-Pro-Text-Regular.otf */,
				6F51F3C826B605620026B9E0 /* SF-Pro-Text-RegularItalic.otf */,
				6F51F3CD26B605620026B9E0 /* SF-Pro-Text-Semibold.otf */,
				6F51F3C426B605620026B9E0 /* SF-Pro-Text-SemiboldItalic.otf */,
				6F51F3C526B605620026B9E0 /* SF-Pro-Text-Thin.otf */,
				6F51F3C926B605620026B9E0 /* SF-Pro-Text-ThinItalic.otf */,
				6F51F3CF26B605620026B9E0 /* SF-Pro-Text-Ultralight.otf */,
				6F51F3BE26B605620026B9E0 /* SF-Pro-Text-UltralightItalic.otf */,
			);
			path = Fonts;
			sourceTree = "<group>";
		};
		6F51F41326B9DF000026B9E0 /* Add Task */ = {
			isa = PBXGroup;
			children = (
				6F51F41426B9DF280026B9E0 /* AddTaskViewController.swift */,
				6F51F42B26B9E4300026B9E0 /* AddTaskPresenter.swift */,
			);
			path = "Add Task";
			sourceTree = "<group>";
		};
		6F51F45526BC951A0026B9E0 /* ShoppingList */ = {
			isa = PBXGroup;
			children = (
				6F3BAA5426BC9BB60036E4D6 /* AddComponent */,
			);
			path = ShoppingList;
			sourceTree = "<group>";
		};
		6F8FF0972698A56200BB185D /* Resources */ = {
			isa = PBXGroup;
			children = (
				6FF281BE2698BF04000EFCF7 /* Assets.swift */,
				6F51F3EB26B609480026B9E0 /* Fonts.swift */,
				6F3EF2352696489400371FF7 /* Assets.xcassets */,
				6F51F3AC26B5FF290026B9E0 /* Fonts */,
			);
			path = Resources;
			sourceTree = "<group>";
		};
		6FF04F7F26AB1ACC0019B38C /* FamilySummary */ = {
			isa = PBXGroup;
			children = (
				6FF28203269B42DC000EFCF7 /* FamilySummaryViewController.swift */,
				6F05BAF026AB2F260013FCF8 /* FamilySummaryPresenter.swift */,
			);
			path = FamilySummary;
			sourceTree = "<group>";
		};
		6FF04F8026AB1ADA0019B38C /* MainView */ = {
			isa = PBXGroup;
			children = (
				6FF2822C269B4888000EFCF7 /* FamilyFeatures */,
				6FF04F7F26AB1ACC0019B38C /* FamilySummary */,
				6F8FF06C2698992500BB185D /* MainViewController.swift */,
				6FF04F8126AB1AE80019B38C /* MainConnector.swift */,
			);
			path = MainView;
			sourceTree = "<group>";
		};
		6FF281D82698C3DA000EFCF7 /* Extensions */ = {
			isa = PBXGroup;
			children = (
				6FFDE486269E04DF00AC8428 /* Rx+Extensions.swift */,
				6FF281D92698C3EA000EFCF7 /* StackView+ViewControllers.swift */,
				6F51F37926B1D0E80026B9E0 /* UITableView+ReusableView.swift */,
				6F51F41E26B9E0FD0026B9E0 /* UIView+RoundCorners.swift */,
				6F51F42326B9E1390026B9E0 /* UIViewController+ChildViewControllers.swift */,
				6F4F98B426C7F4A900B79890 /* UINavigationBar+Appearance.swift */,
			);
			path = Extensions;
			sourceTree = "<group>";
		};
		6FF2822C269B4888000EFCF7 /* FamilyFeatures */ = {
			isa = PBXGroup;
			children = (
				6FFDE49226AB13BA00AC8428 /* Members */,
				6FFDE49026AB13AC00AC8428 /* Ranking */,
				6FFDE49426AB13D800AC8428 /* ShoppingLists */,
				6FFDE49326AB13C000AC8428 /* Tasks */,
				6FF28222269B4387000EFCF7 /* FamilyFeaturesViewController.swift */,
				6FFDE48B26AB138F00AC8428 /* FamilyFeaturesPresenter.swift */,
				6FFDE479269B54CA00AC8428 /* FeatureTileView.swift */,
			);
			path = FamilyFeatures;
			sourceTree = "<group>";
		};
		6FFDE49026AB13AC00AC8428 /* Ranking */ = {
			isa = PBXGroup;
			children = (
				6F4F98E426C91D4300B79890 /* RankingViewController.swift */,
			);
			path = Ranking;
			sourceTree = "<group>";
		};
		6FFDE49226AB13BA00AC8428 /* Members */ = {
			isa = PBXGroup;
			children = (
				6F51F39226B5A1860026B9E0 /* MemberDetails */,
				6F51F37E26B1E6270026B9E0 /* MembersConnector.swift */,
				6F51F36926B0AB8A0026B9E0 /* MembersPresenter.swift */,
				6FFDE46A269B4B3B00AC8428 /* MembersViewController.swift */,
				6F51F37426B0B0EB0026B9E0 /* MemberCell.swift */,
			);
			path = Members;
			sourceTree = "<group>";
		};
		6FFDE49326AB13C000AC8428 /* Tasks */ = {
			isa = PBXGroup;
			children = (
				6F51F41326B9DF000026B9E0 /* Add Task */,
				6FFDE46F269B52F500AC8428 /* TasksViewController.swift */,
				6F51F40326B997AC0026B9E0 /* TaskCell.swift */,
				6F51F40826B9B9A60026B9E0 /* TasksPresenter.swift */,
			);
			path = Tasks;
			sourceTree = "<group>";
		};
		6FFDE49426AB13D800AC8428 /* ShoppingLists */ = {
			isa = PBXGroup;
			children = (
				6F51F45526BC951A0026B9E0 /* ShoppingList */,
			);
			path = ShoppingLists;
			sourceTree = "<group>";
		};
		FF95C1356F139AE9BF9514D4 /* Pods */ = {
			isa = PBXGroup;
			children = (
				8D7B48A2AF8E657E42DB1873 /* Pods-FamilyFriend.debug.xcconfig */,
				8C7C49298D20C6F4AA0ECF0D /* Pods-FamilyFriend.release.xcconfig */,
				8090F1FD6FF563240A032683 /* Pods-FamilyFriend-FamilyFriendUITests.debug.xcconfig */,
				95E39E7B4E1FDCE32AAE4B5A /* Pods-FamilyFriend-FamilyFriendUITests.release.xcconfig */,
				5BAD75E9B77372D5975F7F40 /* Pods-FamilyFriendTests.debug.xcconfig */,
				23A26098ED33FE9925EE13A1 /* Pods-FamilyFriendTests.release.xcconfig */,
			);
			path = Pods;
			sourceTree = "<group>";
		};
/* End PBXGroup section */

/* Begin PBXNativeTarget section */
		6F3EF2282696489300371FF7 /* FamilyFriend */ = {
			isa = PBXNativeTarget;
			buildConfigurationList = 6F3EF2532696489400371FF7 /* Build configuration list for PBXNativeTarget "FamilyFriend" */;
			buildPhases = (
				6699AEB8E3383B0C620DDA30 /* [CP] Check Pods Manifest.lock */,
				6F3EF2252696489300371FF7 /* Sources */,
				6F3EF2262696489300371FF7 /* Frameworks */,
				6F3EF2272696489300371FF7 /* Resources */,
				9330D8B3BB2A47A8CBFB5173 /* [CP] Embed Pods Frameworks */,
			);
			buildRules = (
			);
			dependencies = (
			);
			name = FamilyFriend;
			productName = FamilyFriend;
			productReference = 6F3EF2292696489300371FF7 /* FamilyFriend.app */;
			productType = "com.apple.product-type.application";
		};
		6F3EF23E2696489400371FF7 /* FamilyFriendTests */ = {
			isa = PBXNativeTarget;
			buildConfigurationList = 6F3EF2562696489400371FF7 /* Build configuration list for PBXNativeTarget "FamilyFriendTests" */;
			buildPhases = (
				159D29A7F6979890C1E5CCCD /* [CP] Check Pods Manifest.lock */,
				6F3EF23B2696489400371FF7 /* Sources */,
				6F3EF23C2696489400371FF7 /* Frameworks */,
				6F3EF23D2696489400371FF7 /* Resources */,
			);
			buildRules = (
			);
			dependencies = (
				6F3EF2412696489400371FF7 /* PBXTargetDependency */,
			);
			name = FamilyFriendTests;
			productName = FamilyFriendTests;
			productReference = 6F3EF23F2696489400371FF7 /* FamilyFriendTests.xctest */;
			productType = "com.apple.product-type.bundle.unit-test";
		};
		6F3EF2492696489400371FF7 /* FamilyFriendUITests */ = {
			isa = PBXNativeTarget;
			buildConfigurationList = 6F3EF2592696489400371FF7 /* Build configuration list for PBXNativeTarget "FamilyFriendUITests" */;
			buildPhases = (
				10269EAA20675049CFABC7CA /* [CP] Check Pods Manifest.lock */,
				6F3EF2462696489400371FF7 /* Sources */,
				6F3EF2472696489400371FF7 /* Frameworks */,
				6F3EF2482696489400371FF7 /* Resources */,
				56E42424827DB25BF7CFA7B5 /* [CP] Embed Pods Frameworks */,
			);
			buildRules = (
			);
			dependencies = (
				6F3EF24C2696489400371FF7 /* PBXTargetDependency */,
			);
			name = FamilyFriendUITests;
			productName = FamilyFriendUITests;
			productReference = 6F3EF24A2696489400371FF7 /* FamilyFriendUITests.xctest */;
			productType = "com.apple.product-type.bundle.ui-testing";
		};
/* End PBXNativeTarget section */

/* Begin PBXProject section */
		6F3EF2212696489300371FF7 /* Project object */ = {
			isa = PBXProject;
			attributes = {
				LastSwiftUpdateCheck = 1210;
				LastUpgradeCheck = 1210;
				TargetAttributes = {
					6F3EF2282696489300371FF7 = {
						CreatedOnToolsVersion = 12.1;
					};
					6F3EF23E2696489400371FF7 = {
						CreatedOnToolsVersion = 12.1;
						TestTargetID = 6F3EF2282696489300371FF7;
					};
					6F3EF2492696489400371FF7 = {
						CreatedOnToolsVersion = 12.1;
						TestTargetID = 6F3EF2282696489300371FF7;
					};
				};
			};
			buildConfigurationList = 6F3EF2242696489300371FF7 /* Build configuration list for PBXProject "FamilyFriend" */;
			compatibilityVersion = "Xcode 9.3";
			developmentRegion = en;
			hasScannedForEncodings = 0;
			knownRegions = (
				en,
				Base,
			);
			mainGroup = 6F3EF2202696489300371FF7;
			productRefGroup = 6F3EF22A2696489300371FF7 /* Products */;
			projectDirPath = "";
			projectRoot = "";
			targets = (
				6F3EF2282696489300371FF7 /* FamilyFriend */,
				6F3EF23E2696489400371FF7 /* FamilyFriendTests */,
				6F3EF2492696489400371FF7 /* FamilyFriendUITests */,
			);
		};
/* End PBXProject section */

/* Begin PBXResourcesBuildPhase section */
		6F3EF2272696489300371FF7 /* Resources */ = {
			isa = PBXResourcesBuildPhase;
			buildActionMask = 2147483647;
			files = (
				6F51F3DC26B605620026B9E0 /* SF-Pro-Text-MediumItalic.otf in Resources */,
				6F51F3DB26B605620026B9E0 /* SF-Pro-Text-ThinItalic.otf in Resources */,
				6F51F3DD26B605620026B9E0 /* SF-Pro-Text-Bold.otf in Resources */,
				6F51F3D026B605620026B9E0 /* SF-Pro-Text-UltralightItalic.otf in Resources */,
				6F51F3D626B605620026B9E0 /* SF-Pro-Text-SemiboldItalic.otf in Resources */,
				6F51F3DA26B605620026B9E0 /* SF-Pro-Text-RegularItalic.otf in Resources */,
				6F51F3DF26B605620026B9E0 /* SF-Pro-Text-Semibold.otf in Resources */,
				6F51F3E026B605620026B9E0 /* SF-Pro-Text-Regular.otf in Resources */,
				6F3EF2392696489400371FF7 /* LaunchScreen.storyboard in Resources */,
				6F51F3D326B605620026B9E0 /* SF-Pro-Text-Light.otf in Resources */,
				6F51F3D526B605620026B9E0 /* SF-Pro-Text-BlackItalic.otf in Resources */,
				6F51F3D826B605620026B9E0 /* SF-Pro-Text-BoldItalic.otf in Resources */,
				6F51F3D126B605620026B9E0 /* SF-Pro-Text-LightItalic.otf in Resources */,
				6F51F3DE26B605620026B9E0 /* SF-Pro-Text-Heavy.otf in Resources */,
				6F51F3D726B605620026B9E0 /* SF-Pro-Text-Thin.otf in Resources */,
				6F51F3D926B605620026B9E0 /* SF-Pro-Text-Medium.otf in Resources */,
				6F51F3D226B605620026B9E0 /* SF-Pro-Text-HeavyItalic.otf in Resources */,
				6F51F3D426B605620026B9E0 /* SF-Pro-Text-Black.otf in Resources */,
				6F3EF2362696489400371FF7 /* Assets.xcassets in Resources */,
				6F51F3E126B605620026B9E0 /* SF-Pro-Text-Ultralight.otf in Resources */,
			);
			runOnlyForDeploymentPostprocessing = 0;
		};
		6F3EF23D2696489400371FF7 /* Resources */ = {
			isa = PBXResourcesBuildPhase;
			buildActionMask = 2147483647;
			files = (
			);
			runOnlyForDeploymentPostprocessing = 0;
		};
		6F3EF2482696489400371FF7 /* Resources */ = {
			isa = PBXResourcesBuildPhase;
			buildActionMask = 2147483647;
			files = (
			);
			runOnlyForDeploymentPostprocessing = 0;
		};
/* End PBXResourcesBuildPhase section */

/* Begin PBXShellScriptBuildPhase section */
		10269EAA20675049CFABC7CA /* [CP] Check Pods Manifest.lock */ = {
			isa = PBXShellScriptBuildPhase;
			buildActionMask = 2147483647;
			files = (
			);
			inputFileListPaths = (
			);
			inputPaths = (
				"${PODS_PODFILE_DIR_PATH}/Podfile.lock",
				"${PODS_ROOT}/Manifest.lock",
			);
			name = "[CP] Check Pods Manifest.lock";
			outputFileListPaths = (
			);
			outputPaths = (
				"$(DERIVED_FILE_DIR)/Pods-FamilyFriend-FamilyFriendUITests-checkManifestLockResult.txt",
			);
			runOnlyForDeploymentPostprocessing = 0;
			shellPath = /bin/sh;
			shellScript = "diff \"${PODS_PODFILE_DIR_PATH}/Podfile.lock\" \"${PODS_ROOT}/Manifest.lock\" > /dev/null\nif [ $? != 0 ] ; then\n    # print error to STDERR\n    echo \"error: The sandbox is not in sync with the Podfile.lock. Run 'pod install' or update your CocoaPods installation.\" >&2\n    exit 1\nfi\n# This output is used by Xcode 'outputs' to avoid re-running this script phase.\necho \"SUCCESS\" > \"${SCRIPT_OUTPUT_FILE_0}\"\n";
			showEnvVarsInLog = 0;
		};
		159D29A7F6979890C1E5CCCD /* [CP] Check Pods Manifest.lock */ = {
			isa = PBXShellScriptBuildPhase;
			buildActionMask = 2147483647;
			files = (
			);
			inputFileListPaths = (
			);
			inputPaths = (
				"${PODS_PODFILE_DIR_PATH}/Podfile.lock",
				"${PODS_ROOT}/Manifest.lock",
			);
			name = "[CP] Check Pods Manifest.lock";
			outputFileListPaths = (
			);
			outputPaths = (
				"$(DERIVED_FILE_DIR)/Pods-FamilyFriendTests-checkManifestLockResult.txt",
			);
			runOnlyForDeploymentPostprocessing = 0;
			shellPath = /bin/sh;
			shellScript = "diff \"${PODS_PODFILE_DIR_PATH}/Podfile.lock\" \"${PODS_ROOT}/Manifest.lock\" > /dev/null\nif [ $? != 0 ] ; then\n    # print error to STDERR\n    echo \"error: The sandbox is not in sync with the Podfile.lock. Run 'pod install' or update your CocoaPods installation.\" >&2\n    exit 1\nfi\n# This output is used by Xcode 'outputs' to avoid re-running this script phase.\necho \"SUCCESS\" > \"${SCRIPT_OUTPUT_FILE_0}\"\n";
			showEnvVarsInLog = 0;
		};
		56E42424827DB25BF7CFA7B5 /* [CP] Embed Pods Frameworks */ = {
			isa = PBXShellScriptBuildPhase;
			buildActionMask = 2147483647;
			files = (
			);
			inputFileListPaths = (
				"${PODS_ROOT}/Target Support Files/Pods-FamilyFriend-FamilyFriendUITests/Pods-FamilyFriend-FamilyFriendUITests-frameworks-${CONFIGURATION}-input-files.xcfilelist",
			);
			name = "[CP] Embed Pods Frameworks";
			outputFileListPaths = (
				"${PODS_ROOT}/Target Support Files/Pods-FamilyFriend-FamilyFriendUITests/Pods-FamilyFriend-FamilyFriendUITests-frameworks-${CONFIGURATION}-output-files.xcfilelist",
			);
			runOnlyForDeploymentPostprocessing = 0;
			shellPath = /bin/sh;
			shellScript = "\"${PODS_ROOT}/Target Support Files/Pods-FamilyFriend-FamilyFriendUITests/Pods-FamilyFriend-FamilyFriendUITests-frameworks.sh\"\n";
			showEnvVarsInLog = 0;
		};
		6699AEB8E3383B0C620DDA30 /* [CP] Check Pods Manifest.lock */ = {
			isa = PBXShellScriptBuildPhase;
			buildActionMask = 2147483647;
			files = (
			);
			inputFileListPaths = (
			);
			inputPaths = (
				"${PODS_PODFILE_DIR_PATH}/Podfile.lock",
				"${PODS_ROOT}/Manifest.lock",
			);
			name = "[CP] Check Pods Manifest.lock";
			outputFileListPaths = (
			);
			outputPaths = (
				"$(DERIVED_FILE_DIR)/Pods-FamilyFriend-checkManifestLockResult.txt",
			);
			runOnlyForDeploymentPostprocessing = 0;
			shellPath = /bin/sh;
			shellScript = "diff \"${PODS_PODFILE_DIR_PATH}/Podfile.lock\" \"${PODS_ROOT}/Manifest.lock\" > /dev/null\nif [ $? != 0 ] ; then\n    # print error to STDERR\n    echo \"error: The sandbox is not in sync with the Podfile.lock. Run 'pod install' or update your CocoaPods installation.\" >&2\n    exit 1\nfi\n# This output is used by Xcode 'outputs' to avoid re-running this script phase.\necho \"SUCCESS\" > \"${SCRIPT_OUTPUT_FILE_0}\"\n";
			showEnvVarsInLog = 0;
		};
		9330D8B3BB2A47A8CBFB5173 /* [CP] Embed Pods Frameworks */ = {
			isa = PBXShellScriptBuildPhase;
			buildActionMask = 2147483647;
			files = (
			);
			inputFileListPaths = (
				"${PODS_ROOT}/Target Support Files/Pods-FamilyFriend/Pods-FamilyFriend-frameworks-${CONFIGURATION}-input-files.xcfilelist",
			);
			name = "[CP] Embed Pods Frameworks";
			outputFileListPaths = (
				"${PODS_ROOT}/Target Support Files/Pods-FamilyFriend/Pods-FamilyFriend-frameworks-${CONFIGURATION}-output-files.xcfilelist",
			);
			runOnlyForDeploymentPostprocessing = 0;
			shellPath = /bin/sh;
			shellScript = "\"${PODS_ROOT}/Target Support Files/Pods-FamilyFriend/Pods-FamilyFriend-frameworks.sh\"\n";
			showEnvVarsInLog = 0;
		};
/* End PBXShellScriptBuildPhase section */

/* Begin PBXSourcesBuildPhase section */
		6F3EF2252696489300371FF7 /* Sources */ = {
			isa = PBXSourcesBuildPhase;
			buildActionMask = 2147483647;
			files = (
				6F51F3EC26B609480026B9E0 /* Fonts.swift in Sources */,
				6F05BAF126AB2F260013FCF8 /* FamilySummaryPresenter.swift in Sources */,
				6F8FF06D2698992500BB185D /* MainViewController.swift in Sources */,
				6F4F98E026C91D2400B79890 /* InitialViewController.swift in Sources */,
				6F51F39E26B5AC220026B9E0 /* Task.swift in Sources */,
				6F4F98DF26C91D2400B79890 /* InitialPresenter.swift in Sources */,
				6F51F3F126B60BC50026B9E0 /* HeaderLabelView.swift in Sources */,
				6F51F37F26B1E6270026B9E0 /* MembersConnector.swift in Sources */,
				6FFDE470269B52F500AC8428 /* TasksViewController.swift in Sources */,
				6F51F37526B0B0EB0026B9E0 /* MemberCell.swift in Sources */,
				6F4F98DE26C91D2400B79890 /* InitialConnector.swift in Sources */,
				6F51F3A326B5AE2B0026B9E0 /* MemberTaskCell.swift in Sources */,
				6F4F98E526C91D4300B79890 /* RankingViewController.swift in Sources */,
				6FFDE487269E04DF00AC8428 /* Rx+Extensions.swift in Sources */,
				6FFDE46B269B4B3B00AC8428 /* MembersViewController.swift in Sources */,
				6F51F42426B9E1390026B9E0 /* UIViewController+ChildViewControllers.swift in Sources */,
				6F51F40426B997AC0026B9E0 /* TaskCell.swift in Sources */,
				6F4F98B526C7F4A900B79890 /* UINavigationBar+Appearance.swift in Sources */,
				6F51F40926B9B9A60026B9E0 /* TasksPresenter.swift in Sources */,
				6F51F43726BC5A8A0026B9E0 /* Views.swift in Sources */,
				6F51F41F26B9E0FD0026B9E0 /* UIView+RoundCorners.swift in Sources */,
				6F51F3F626B6182A0026B9E0 /* MemberDetailsSummaryView.swift in Sources */,
				6FF28223269B4387000EFCF7 /* FamilyFeaturesViewController.swift in Sources */,
				6F3EF22D2696489300371FF7 /* AppDelegate.swift in Sources */,
				6FF28204269B42DC000EFCF7 /* FamilySummaryViewController.swift in Sources */,
				6F51F39426B5A1980026B9E0 /* MemberDetailsViewController.swift in Sources */,
				6FF281DA2698C3EA000EFCF7 /* StackView+ViewControllers.swift in Sources */,
				6F51F36A26B0AB8A0026B9E0 /* MembersPresenter.swift in Sources */,
				6FFDE48C26AB138F00AC8428 /* FamilyFeaturesPresenter.swift in Sources */,
				6F4F987A26C7CA2700B79890 /* RootConnector.swift in Sources */,
				6FFDE47A269B54CA00AC8428 /* FeatureTileView.swift in Sources */,
				6F51F42C26B9E4300026B9E0 /* AddTaskPresenter.swift in Sources */,
				6F19F7CD2698ACF500C2FD61 /* TileView.swift in Sources */,
				6FF281BF2698BF04000EFCF7 /* Assets.swift in Sources */,
				6FF04F8226AB1AE80019B38C /* MainConnector.swift in Sources */,
				6F51F41526B9DF280026B9E0 /* AddTaskViewController.swift in Sources */,
				6F4F98D226C91CF900B79890 /* SignInViewController.swift in Sources */,
				6F05BAFC26AB3D770013FCF8 /* Protocols.swift in Sources */,
				6F3EF22F2696489300371FF7 /* SceneDelegate.swift in Sources */,
				6F51F37026B0AF890026B9E0 /* Member.swift in Sources */,
				6F51F37A26B1D0E80026B9E0 /* UITableView+ReusableView.swift in Sources */,
				6F4F98D726C91D1400B79890 /* SignUpViewController.swift in Sources */,
				6F51F41A26B9E0BA0026B9E0 /* DraggableModal.swift in Sources */,
			);
			runOnlyForDeploymentPostprocessing = 0;
		};
		6F3EF23B2696489400371FF7 /* Sources */ = {
			isa = PBXSourcesBuildPhase;
			buildActionMask = 2147483647;
			files = (
				6F3EF2442696489400371FF7 /* FamilyFriendTests.swift in Sources */,
			);
			runOnlyForDeploymentPostprocessing = 0;
		};
		6F3EF2462696489400371FF7 /* Sources */ = {
			isa = PBXSourcesBuildPhase;
			buildActionMask = 2147483647;
			files = (
				6F3EF24F2696489400371FF7 /* FamilyFriendUITests.swift in Sources */,
			);
			runOnlyForDeploymentPostprocessing = 0;
		};
/* End PBXSourcesBuildPhase section */

/* Begin PBXTargetDependency section */
		6F3EF2412696489400371FF7 /* PBXTargetDependency */ = {
			isa = PBXTargetDependency;
			target = 6F3EF2282696489300371FF7 /* FamilyFriend */;
			targetProxy = 6F3EF2402696489400371FF7 /* PBXContainerItemProxy */;
		};
		6F3EF24C2696489400371FF7 /* PBXTargetDependency */ = {
			isa = PBXTargetDependency;
			target = 6F3EF2282696489300371FF7 /* FamilyFriend */;
			targetProxy = 6F3EF24B2696489400371FF7 /* PBXContainerItemProxy */;
		};
/* End PBXTargetDependency section */

/* Begin PBXVariantGroup section */
		6F3EF2372696489400371FF7 /* LaunchScreen.storyboard */ = {
			isa = PBXVariantGroup;
			children = (
				6F3EF2382696489400371FF7 /* Base */,
			);
			name = LaunchScreen.storyboard;
			sourceTree = "<group>";
		};
/* End PBXVariantGroup section */

/* Begin XCBuildConfiguration section */
		6F3EF2512696489400371FF7 /* Debug */ = {
			isa = XCBuildConfiguration;
			buildSettings = {
				ALWAYS_SEARCH_USER_PATHS = NO;
				CLANG_ANALYZER_NONNULL = YES;
				CLANG_ANALYZER_NUMBER_OBJECT_CONVERSION = YES_AGGRESSIVE;
				CLANG_CXX_LANGUAGE_STANDARD = "gnu++14";
				CLANG_CXX_LIBRARY = "libc++";
				CLANG_ENABLE_MODULES = YES;
				CLANG_ENABLE_OBJC_ARC = YES;
				CLANG_ENABLE_OBJC_WEAK = YES;
				CLANG_WARN_BLOCK_CAPTURE_AUTORELEASING = YES;
				CLANG_WARN_BOOL_CONVERSION = YES;
				CLANG_WARN_COMMA = YES;
				CLANG_WARN_CONSTANT_CONVERSION = YES;
				CLANG_WARN_DEPRECATED_OBJC_IMPLEMENTATIONS = YES;
				CLANG_WARN_DIRECT_OBJC_ISA_USAGE = YES_ERROR;
				CLANG_WARN_DOCUMENTATION_COMMENTS = YES;
				CLANG_WARN_EMPTY_BODY = YES;
				CLANG_WARN_ENUM_CONVERSION = YES;
				CLANG_WARN_INFINITE_RECURSION = YES;
				CLANG_WARN_INT_CONVERSION = YES;
				CLANG_WARN_NON_LITERAL_NULL_CONVERSION = YES;
				CLANG_WARN_OBJC_IMPLICIT_RETAIN_SELF = YES;
				CLANG_WARN_OBJC_LITERAL_CONVERSION = YES;
				CLANG_WARN_OBJC_ROOT_CLASS = YES_ERROR;
				CLANG_WARN_QUOTED_INCLUDE_IN_FRAMEWORK_HEADER = YES;
				CLANG_WARN_RANGE_LOOP_ANALYSIS = YES;
				CLANG_WARN_STRICT_PROTOTYPES = YES;
				CLANG_WARN_SUSPICIOUS_MOVE = YES;
				CLANG_WARN_UNGUARDED_AVAILABILITY = YES_AGGRESSIVE;
				CLANG_WARN_UNREACHABLE_CODE = YES;
				CLANG_WARN__DUPLICATE_METHOD_MATCH = YES;
				COPY_PHASE_STRIP = NO;
				DEBUG_INFORMATION_FORMAT = dwarf;
				ENABLE_STRICT_OBJC_MSGSEND = YES;
				ENABLE_TESTABILITY = YES;
				GCC_C_LANGUAGE_STANDARD = gnu11;
				GCC_DYNAMIC_NO_PIC = NO;
				GCC_NO_COMMON_BLOCKS = YES;
				GCC_OPTIMIZATION_LEVEL = 0;
				GCC_PREPROCESSOR_DEFINITIONS = (
					"DEBUG=1",
					"$(inherited)",
				);
				GCC_WARN_64_TO_32_BIT_CONVERSION = YES;
				GCC_WARN_ABOUT_RETURN_TYPE = YES_ERROR;
				GCC_WARN_UNDECLARED_SELECTOR = YES;
				GCC_WARN_UNINITIALIZED_AUTOS = YES_AGGRESSIVE;
				GCC_WARN_UNUSED_FUNCTION = YES;
				GCC_WARN_UNUSED_VARIABLE = YES;
				IPHONEOS_DEPLOYMENT_TARGET = 14.0;
				MTL_ENABLE_DEBUG_INFO = INCLUDE_SOURCE;
				MTL_FAST_MATH = YES;
				ONLY_ACTIVE_ARCH = YES;
				SDKROOT = iphoneos;
				SWIFT_ACTIVE_COMPILATION_CONDITIONS = DEBUG;
				SWIFT_OPTIMIZATION_LEVEL = "-Onone";
			};
			name = Debug;
		};
		6F3EF2522696489400371FF7 /* Release */ = {
			isa = XCBuildConfiguration;
			buildSettings = {
				ALWAYS_SEARCH_USER_PATHS = NO;
				CLANG_ANALYZER_NONNULL = YES;
				CLANG_ANALYZER_NUMBER_OBJECT_CONVERSION = YES_AGGRESSIVE;
				CLANG_CXX_LANGUAGE_STANDARD = "gnu++14";
				CLANG_CXX_LIBRARY = "libc++";
				CLANG_ENABLE_MODULES = YES;
				CLANG_ENABLE_OBJC_ARC = YES;
				CLANG_ENABLE_OBJC_WEAK = YES;
				CLANG_WARN_BLOCK_CAPTURE_AUTORELEASING = YES;
				CLANG_WARN_BOOL_CONVERSION = YES;
				CLANG_WARN_COMMA = YES;
				CLANG_WARN_CONSTANT_CONVERSION = YES;
				CLANG_WARN_DEPRECATED_OBJC_IMPLEMENTATIONS = YES;
				CLANG_WARN_DIRECT_OBJC_ISA_USAGE = YES_ERROR;
				CLANG_WARN_DOCUMENTATION_COMMENTS = YES;
				CLANG_WARN_EMPTY_BODY = YES;
				CLANG_WARN_ENUM_CONVERSION = YES;
				CLANG_WARN_INFINITE_RECURSION = YES;
				CLANG_WARN_INT_CONVERSION = YES;
				CLANG_WARN_NON_LITERAL_NULL_CONVERSION = YES;
				CLANG_WARN_OBJC_IMPLICIT_RETAIN_SELF = YES;
				CLANG_WARN_OBJC_LITERAL_CONVERSION = YES;
				CLANG_WARN_OBJC_ROOT_CLASS = YES_ERROR;
				CLANG_WARN_QUOTED_INCLUDE_IN_FRAMEWORK_HEADER = YES;
				CLANG_WARN_RANGE_LOOP_ANALYSIS = YES;
				CLANG_WARN_STRICT_PROTOTYPES = YES;
				CLANG_WARN_SUSPICIOUS_MOVE = YES;
				CLANG_WARN_UNGUARDED_AVAILABILITY = YES_AGGRESSIVE;
				CLANG_WARN_UNREACHABLE_CODE = YES;
				CLANG_WARN__DUPLICATE_METHOD_MATCH = YES;
				COPY_PHASE_STRIP = NO;
				DEBUG_INFORMATION_FORMAT = "dwarf-with-dsym";
				ENABLE_NS_ASSERTIONS = NO;
				ENABLE_STRICT_OBJC_MSGSEND = YES;
				GCC_C_LANGUAGE_STANDARD = gnu11;
				GCC_NO_COMMON_BLOCKS = YES;
				GCC_WARN_64_TO_32_BIT_CONVERSION = YES;
				GCC_WARN_ABOUT_RETURN_TYPE = YES_ERROR;
				GCC_WARN_UNDECLARED_SELECTOR = YES;
				GCC_WARN_UNINITIALIZED_AUTOS = YES_AGGRESSIVE;
				GCC_WARN_UNUSED_FUNCTION = YES;
				GCC_WARN_UNUSED_VARIABLE = YES;
				IPHONEOS_DEPLOYMENT_TARGET = 14.0;
				MTL_ENABLE_DEBUG_INFO = NO;
				MTL_FAST_MATH = YES;
				SDKROOT = iphoneos;
				SWIFT_COMPILATION_MODE = wholemodule;
				SWIFT_OPTIMIZATION_LEVEL = "-O";
				VALIDATE_PRODUCT = YES;
			};
			name = Release;
		};
		6F3EF2542696489400371FF7 /* Debug */ = {
			isa = XCBuildConfiguration;
			baseConfigurationReference = 8D7B48A2AF8E657E42DB1873 /* Pods-FamilyFriend.debug.xcconfig */;
			buildSettings = {
				ASSETCATALOG_COMPILER_APPICON_NAME = AppIcon;
				ASSETCATALOG_COMPILER_GLOBAL_ACCENT_COLOR_NAME = AccentColor;
				CODE_SIGN_STYLE = Automatic;
				DEVELOPMENT_TEAM = 3228RV37K5;
				INFOPLIST_FILE = "$(SRCROOT)/FamilyFriend/Supporting files/Info.plist";
				LD_RUNPATH_SEARCH_PATHS = (
					"$(inherited)",
					"@executable_path/Frameworks",
				);
				PRODUCT_BUNDLE_IDENTIFIER = DawidNadolski.FamilyFriend;
				PRODUCT_NAME = "$(TARGET_NAME)";
				SWIFT_VERSION = 5.0;
				TARGETED_DEVICE_FAMILY = "1,2";
			};
			name = Debug;
		};
		6F3EF2552696489400371FF7 /* Release */ = {
			isa = XCBuildConfiguration;
			baseConfigurationReference = 8C7C49298D20C6F4AA0ECF0D /* Pods-FamilyFriend.release.xcconfig */;
			buildSettings = {
				ASSETCATALOG_COMPILER_APPICON_NAME = AppIcon;
				ASSETCATALOG_COMPILER_GLOBAL_ACCENT_COLOR_NAME = AccentColor;
				CODE_SIGN_STYLE = Automatic;
				DEVELOPMENT_TEAM = 3228RV37K5;
				INFOPLIST_FILE = "$(SRCROOT)/FamilyFriend/Supporting files/Info.plist";
				LD_RUNPATH_SEARCH_PATHS = (
					"$(inherited)",
					"@executable_path/Frameworks",
				);
				PRODUCT_BUNDLE_IDENTIFIER = DawidNadolski.FamilyFriend;
				PRODUCT_NAME = "$(TARGET_NAME)";
				SWIFT_VERSION = 5.0;
				TARGETED_DEVICE_FAMILY = "1,2";
			};
			name = Release;
		};
		6F3EF2572696489400371FF7 /* Debug */ = {
			isa = XCBuildConfiguration;
			baseConfigurationReference = 5BAD75E9B77372D5975F7F40 /* Pods-FamilyFriendTests.debug.xcconfig */;
			buildSettings = {
				ALWAYS_EMBED_SWIFT_STANDARD_LIBRARIES = YES;
				BUNDLE_LOADER = "$(TEST_HOST)";
				CODE_SIGN_STYLE = Automatic;
				DEVELOPMENT_TEAM = 3228RV37K5;
				INFOPLIST_FILE = FamilyFriendTests/Info.plist;
				IPHONEOS_DEPLOYMENT_TARGET = 14.1;
				LD_RUNPATH_SEARCH_PATHS = (
					"$(inherited)",
					"@executable_path/Frameworks",
					"@loader_path/Frameworks",
				);
				PRODUCT_BUNDLE_IDENTIFIER = DawidNadolski.FamilyFriendTests;
				PRODUCT_NAME = "$(TARGET_NAME)";
				SWIFT_VERSION = 5.0;
				TARGETED_DEVICE_FAMILY = "1,2";
				TEST_HOST = "$(BUILT_PRODUCTS_DIR)/FamilyFriend.app/FamilyFriend";
			};
			name = Debug;
		};
		6F3EF2582696489400371FF7 /* Release */ = {
			isa = XCBuildConfiguration;
			baseConfigurationReference = 23A26098ED33FE9925EE13A1 /* Pods-FamilyFriendTests.release.xcconfig */;
			buildSettings = {
				ALWAYS_EMBED_SWIFT_STANDARD_LIBRARIES = YES;
				BUNDLE_LOADER = "$(TEST_HOST)";
				CODE_SIGN_STYLE = Automatic;
				DEVELOPMENT_TEAM = 3228RV37K5;
				INFOPLIST_FILE = FamilyFriendTests/Info.plist;
				IPHONEOS_DEPLOYMENT_TARGET = 14.1;
				LD_RUNPATH_SEARCH_PATHS = (
					"$(inherited)",
					"@executable_path/Frameworks",
					"@loader_path/Frameworks",
				);
				PRODUCT_BUNDLE_IDENTIFIER = DawidNadolski.FamilyFriendTests;
				PRODUCT_NAME = "$(TARGET_NAME)";
				SWIFT_VERSION = 5.0;
				TARGETED_DEVICE_FAMILY = "1,2";
				TEST_HOST = "$(BUILT_PRODUCTS_DIR)/FamilyFriend.app/FamilyFriend";
			};
			name = Release;
		};
		6F3EF25A2696489400371FF7 /* Debug */ = {
			isa = XCBuildConfiguration;
			baseConfigurationReference = 8090F1FD6FF563240A032683 /* Pods-FamilyFriend-FamilyFriendUITests.debug.xcconfig */;
			buildSettings = {
				ALWAYS_EMBED_SWIFT_STANDARD_LIBRARIES = YES;
				CODE_SIGN_STYLE = Automatic;
				DEVELOPMENT_TEAM = 3228RV37K5;
				INFOPLIST_FILE = FamilyFriendUITests/Info.plist;
				LD_RUNPATH_SEARCH_PATHS = (
					"$(inherited)",
					"@executable_path/Frameworks",
					"@loader_path/Frameworks",
				);
				PRODUCT_BUNDLE_IDENTIFIER = DawidNadolski.FamilyFriendUITests;
				PRODUCT_NAME = "$(TARGET_NAME)";
				SWIFT_VERSION = 5.0;
				TARGETED_DEVICE_FAMILY = "1,2";
				TEST_TARGET_NAME = FamilyFriend;
			};
			name = Debug;
		};
		6F3EF25B2696489400371FF7 /* Release */ = {
			isa = XCBuildConfiguration;
			baseConfigurationReference = 95E39E7B4E1FDCE32AAE4B5A /* Pods-FamilyFriend-FamilyFriendUITests.release.xcconfig */;
			buildSettings = {
				ALWAYS_EMBED_SWIFT_STANDARD_LIBRARIES = YES;
				CODE_SIGN_STYLE = Automatic;
				DEVELOPMENT_TEAM = 3228RV37K5;
				INFOPLIST_FILE = FamilyFriendUITests/Info.plist;
				LD_RUNPATH_SEARCH_PATHS = (
					"$(inherited)",
					"@executable_path/Frameworks",
					"@loader_path/Frameworks",
				);
				PRODUCT_BUNDLE_IDENTIFIER = DawidNadolski.FamilyFriendUITests;
				PRODUCT_NAME = "$(TARGET_NAME)";
				SWIFT_VERSION = 5.0;
				TARGETED_DEVICE_FAMILY = "1,2";
				TEST_TARGET_NAME = FamilyFriend;
			};
			name = Release;
		};
/* End XCBuildConfiguration section */

/* Begin XCConfigurationList section */
		6F3EF2242696489300371FF7 /* Build configuration list for PBXProject "FamilyFriend" */ = {
			isa = XCConfigurationList;
			buildConfigurations = (
				6F3EF2512696489400371FF7 /* Debug */,
				6F3EF2522696489400371FF7 /* Release */,
			);
			defaultConfigurationIsVisible = 0;
			defaultConfigurationName = Release;
		};
		6F3EF2532696489400371FF7 /* Build configuration list for PBXNativeTarget "FamilyFriend" */ = {
			isa = XCConfigurationList;
			buildConfigurations = (
				6F3EF2542696489400371FF7 /* Debug */,
				6F3EF2552696489400371FF7 /* Release */,
			);
			defaultConfigurationIsVisible = 0;
			defaultConfigurationName = Release;
		};
		6F3EF2562696489400371FF7 /* Build configuration list for PBXNativeTarget "FamilyFriendTests" */ = {
			isa = XCConfigurationList;
			buildConfigurations = (
				6F3EF2572696489400371FF7 /* Debug */,
				6F3EF2582696489400371FF7 /* Release */,
			);
			defaultConfigurationIsVisible = 0;
			defaultConfigurationName = Release;
		};
		6F3EF2592696489400371FF7 /* Build configuration list for PBXNativeTarget "FamilyFriendUITests" */ = {
			isa = XCConfigurationList;
			buildConfigurations = (
				6F3EF25A2696489400371FF7 /* Debug */,
				6F3EF25B2696489400371FF7 /* Release */,
			);
			defaultConfigurationIsVisible = 0;
			defaultConfigurationName = Release;
		};
/* End XCConfigurationList section */
	};
	rootObject = 6F3EF2212696489300371FF7 /* Project object */;
}
